
Microsoft Visual Studio Solution File, Format Version 12.00
# Visual Studio Version 17
VisualStudioVersion = 17.9.34622.214
MinimumVisualStudioVersion = 10.0.40219.1
Project("{FAE04EC0-301F-11D3-BF4B-00C04F79EFBC}") = "HomeBankingAcc", "HomeBankingAcc.csproj", "{53DAD2AA-06A4-4FDE-A37F-5FFCF4CA622D}"
EndProject
Global
	GlobalSection(SolutionConfigurationPlatforms) = preSolution
		Debug|Any CPU = Debug|Any CPU
		Release|Any CPU = Release|Any CPU
	EndGlobalSection
	GlobalSection(ProjectConfigurationPlatforms) = postSolution
		{53DAD2AA-06A4-4FDE-A37F-5FFCF4CA622D}.Debug|Any CPU.ActiveCfg = Debug|Any CPU
		{53DAD2AA-06A4-4FDE-A37F-5FFCF4CA622D}.Debug|Any CPU.Build.0 = Debug|Any CPU
		{53DAD2AA-06A4-4FDE-A37F-5FFCF4CA622D}.Release|Any CPU.ActiveCfg = Release|Any CPU
		{53DAD2AA-06A4-4FDE-A37F-5FFCF4CA622D}.Release|Any CPU.Build.0 = Release|Any CPU
	EndGlobalSection
	GlobalSection(SolutionProperties) = preSolution
		HideSolutionNode = FALSE
	EndGlobalSection
	GlobalSection(ExtensibilityGlobals) = postSolution
		SolutionGuid = {22152A40-1132-4B40-B057-B8C1D0E0DBEF}
	EndGlobalSection
EndGlobal
